# This file is automatically @generated by Cargo.
# It is not intended for manual editing.
version = 4

[[package]]
name = "shum-cli"
version = "0.1.0"
dependencies = [
 "shum-core",
 "shum-store",
 "shum-transport-ble",
 "shum-transport-nostr",
]

[[package]]
name = "shum-core"
version = "0.1.0"

[[package]]
name = "shum-store"
version = "0.1.0"
dependencies = [
 "shum-core",
]

[[package]]
name = "shum-transport-ble"
version = "0.1.0"
dependencies = [
 "shum-core",
]

[[package]]
name = "shum-transport-nostr"
version = "0.1.0"
dependencies = [
 "shum-core",
]
